// !$*UTF8*$!
{
	archiveVersion = 1;
	classes = {
	};
	objectVersion = 50;
	objects = {

/* Begin PBXBuildFile section */
		F50D1E312570004D00C15810 /* Category.swift in Sources */ = {isa = PBXBuildFile; fileRef = F50D1E302570004D00C15810 /* Category.swift */; };
		F50D1E3625701BC900C15810 /* CategoryView.swift in Sources */ = {isa = PBXBuildFile; fileRef = F50D1E3525701BC900C15810 /* CategoryView.swift */; };
		F530191D256DDDF600D2F3D4 /* AlphabetApp.swift in Sources */ = {isa = PBXBuildFile; fileRef = F530191C256DDDF600D2F3D4 /* AlphabetApp.swift */; };
		F530191F256DDDF600D2F3D4 /* ContentView.swift in Sources */ = {isa = PBXBuildFile; fileRef = F530191E256DDDF600D2F3D4 /* ContentView.swift */; };
		F5301921256DDDF800D2F3D4 /* Assets.xcassets in Resources */ = {isa = PBXBuildFile; fileRef = F5301920256DDDF800D2F3D4 /* Assets.xcassets */; };
		F5301924256DDDF800D2F3D4 /* Preview Assets.xcassets in Resources */ = {isa = PBXBuildFile; fileRef = F5301923256DDDF800D2F3D4 /* Preview Assets.xcassets */; };
		F564D2BA256EC82500431E83 /* DetailView.swift in Sources */ = {isa = PBXBuildFile; fileRef = F564D2B9256EC82500431E83 /* DetailView.swift */; };
		F57099562577E89B00D7C0BA /* QuizView.swift in Sources */ = {isa = PBXBuildFile; fileRef = F57099552577E89B00D7C0BA /* QuizView.swift */; };
		F5F3AFB22571769800B162A6 /* Buffalo.m4a in Resources */ = {isa = PBXBuildFile; fileRef = F5F3AFB02571769800B162A6 /* Buffalo.m4a */; };
/* End PBXBuildFile section */

/* Begin PBXFileReference section */
		F5046A5D25740AA90031DD29 /* Alphabet.entitlements */ = {isa = PBXFileReference; lastKnownFileType = text.plist.entitlements; path = Alphabet.entitlements; sourceTree = "<group>"; };
		F50D1E302570004D00C15810 /* Category.swift */ = {isa = PBXFileReference; lastKnownFileType = sourcecode.swift; path = Category.swift; sourceTree = "<group>"; };
		F50D1E3525701BC900C15810 /* CategoryView.swift */ = {isa = PBXFileReference; lastKnownFileType = sourcecode.swift; path = CategoryView.swift; sourceTree = "<group>"; };
		F5301919256DDDF600D2F3D4 /* Alphabet.app */ = {isa = PBXFileReference; explicitFileType = wrapper.application; includeInIndex = 0; path = Alphabet.app; sourceTree = BUILT_PRODUCTS_DIR; };
		F530191C256DDDF600D2F3D4 /* AlphabetApp.swift */ = {isa = PBXFileReference; lastKnownFileType = sourcecode.swift; path = AlphabetApp.swift; sourceTree = "<group>"; };
		F530191E256DDDF600D2F3D4 /* ContentView.swift */ = {isa = PBXFileReference; lastKnownFileType = sourcecode.swift; path = ContentView.swift; sourceTree = "<group>"; };
		F5301920256DDDF800D2F3D4 /* Assets.xcassets */ = {isa = PBXFileReference; lastKnownFileType = folder.assetcatalog; path = Assets.xcassets; sourceTree = "<group>"; };
		F5301923256DDDF800D2F3D4 /* Preview Assets.xcassets */ = {isa = PBXFileReference; lastKnownFileType = folder.assetcatalog; path = "Preview Assets.xcassets"; sourceTree = "<group>"; };
		F5301925256DDDF800D2F3D4 /* Info.plist */ = {isa = PBXFileReference; lastKnownFileType = text.plist.xml; path = Info.plist; sourceTree = "<group>"; };
		F564D2B9256EC82500431E83 /* DetailView.swift */ = {isa = PBXFileReference; lastKnownFileType = sourcecode.swift; path = DetailView.swift; sourceTree = "<group>"; };
		F57099552577E89B00D7C0BA /* QuizView.swift */ = {isa = PBXFileReference; lastKnownFileType = sourcecode.swift; path = QuizView.swift; sourceTree = "<group>"; };
		F5F3AFB02571769800B162A6 /* Buffalo.m4a */ = {isa = PBXFileReference; lastKnownFileType = file; path = Buffalo.m4a; sourceTree = "<group>"; };
/* End PBXFileReference section */

/* Begin PBXFrameworksBuildPhase section */
		F5301916256DDDF600D2F3D4 /* Frameworks */ = {
			isa = PBXFrameworksBuildPhase;
			buildActionMask = 2147483647;
			files = (
			);
			runOnlyForDeploymentPostprocessing = 0;
		};
/* End PBXFrameworksBuildPhase section */

/* Begin PBXGroup section */
		F50D1E2F2570001700C15810 /* Model */ = {
			isa = PBXGroup;
			children = (
				F50D1E302570004D00C15810 /* Category.swift */,
			);
			path = Model;
			sourceTree = "<group>";
		};
		F50D1E3925704D8400C15810 /* Sounds */ = {
			isa = PBXGroup;
			children = (
				F5F3AFA62571714700B162A6 /* Farm Animals */,
			);
			path = Sounds;
			sourceTree = "<group>";
		};
		F5301910256DDDF600D2F3D4 = {
			isa = PBXGroup;
			children = (
				F530191B256DDDF600D2F3D4 /* Alphabet */,
				F530191A256DDDF600D2F3D4 /* Products */,
			);
			sourceTree = "<group>";
		};
		F530191A256DDDF600D2F3D4 /* Products */ = {
			isa = PBXGroup;
			children = (
				F5301919256DDDF600D2F3D4 /* Alphabet.app */,
			);
			name = Products;
			sourceTree = "<group>";
		};
		F530191B256DDDF600D2F3D4 /* Alphabet */ = {
			isa = PBXGroup;
			children = (
				F5046A5D25740AA90031DD29 /* Alphabet.entitlements */,
				F50D1E3925704D8400C15810 /* Sounds */,
				F50D1E2F2570001700C15810 /* Model */,
				F530191C256DDDF600D2F3D4 /* AlphabetApp.swift */,
				F5301920256DDDF800D2F3D4 /* Assets.xcassets */,
				F5301925256DDDF800D2F3D4 /* Info.plist */,
				F5301922256DDDF800D2F3D4 /* Preview Content */,
				F564D2BC256EC95900431E83 /* Views */,
			);
			path = Alphabet;
			sourceTree = "<group>";
		};
		F5301922256DDDF800D2F3D4 /* Preview Content */ = {
			isa = PBXGroup;
			children = (
				F5301923256DDDF800D2F3D4 /* Preview Assets.xcassets */,
			);
			path = "Preview Content";
			sourceTree = "<group>";
		};
		F564D2BC256EC95900431E83 /* Views */ = {
			isa = PBXGroup;
			children = (
				F530191E256DDDF600D2F3D4 /* ContentView.swift */,
				F564D2B9256EC82500431E83 /* DetailView.swift */,
				F50D1E3525701BC900C15810 /* CategoryView.swift */,
				F57099552577E89B00D7C0BA /* QuizView.swift */,
			);
			path = Views;
			sourceTree = "<group>";
		};
		F5F3AFA62571714700B162A6 /* Farm Animals */ = {
			isa = PBXGroup;
			children = (
				F5F3AFB02571769800B162A6 /* Buffalo.m4a */,
			);
			path = "Farm Animals";
			sourceTree = "<group>";
		};
/* End PBXGroup section */

/* Begin PBXNativeTarget section */
		F5301918256DDDF600D2F3D4 /* Alphabet */ = {
			isa = PBXNativeTarget;
			buildConfigurationList = F5301928256DDDF800D2F3D4 /* Build configuration list for PBXNativeTarget "Alphabet" */;
			buildPhases = (
				F5301915256DDDF600D2F3D4 /* Sources */,
				F5301916256DDDF600D2F3D4 /* Frameworks */,
				F5301917256DDDF600D2F3D4 /* Resources */,
			);
			buildRules = (
			);
			dependencies = (
			);
			name = Alphabet;
			productName = Alphabet;
			productReference = F5301919256DDDF600D2F3D4 /* Alphabet.app */;
			productType = "com.apple.product-type.application";
		};
/* End PBXNativeTarget section */

/* Begin PBXProject section */
		F5301911256DDDF600D2F3D4 /* Project object */ = {
			isa = PBXProject;
			attributes = {
				LastSwiftUpdateCheck = 1220;
				LastUpgradeCheck = 1220;
				TargetAttributes = {
					F5301918256DDDF600D2F3D4 = {
						CreatedOnToolsVersion = 12.2;
					};
				};
			};
			buildConfigurationList = F5301914256DDDF600D2F3D4 /* Build configuration list for PBXProject "Alphabet" */;
			compatibilityVersion = "Xcode 9.3";
			developmentRegion = en;
			hasScannedForEncodings = 0;
			knownRegions = (
				en,
				Base,
			);
			mainGroup = F5301910256DDDF600D2F3D4;
			productRefGroup = F530191A256DDDF600D2F3D4 /* Products */;
			projectDirPath = "";
			projectRoot = "";
			targets = (
				F5301918256DDDF600D2F3D4 /* Alphabet */,
			);
		};
/* End PBXProject section */

/* Begin PBXResourcesBuildPhase section */
		F5301917256DDDF600D2F3D4 /* Resources */ = {
			isa = PBXResourcesBuildPhase;
			buildActionMask = 2147483647;
			files = (
				F5F3AFB22571769800B162A6 /* Buffalo.m4a in Resources */,
				F5301924256DDDF800D2F3D4 /* Preview Assets.xcassets in Resources */,
				F5301921256DDDF800D2F3D4 /* Assets.xcassets in Resources */,
			);
			runOnlyForDeploymentPostprocessing = 0;
		};
/* End PBXResourcesBuildPhase section */

/* Begin PBXSourcesBuildPhase section */
		F5301915256DDDF600D2F3D4 /* Sources */ = {
			isa = PBXSourcesBuildPhase;
			buildActionMask = 2147483647;
			files = (
				F50D1E312570004D00C15810 /* Category.swift in Sources */,
				F564D2BA256EC82500431E83 /* DetailView.swift in Sources */,
				F530191F256DDDF600D2F3D4 /* ContentView.swift in Sources */,
				F530191D256DDDF600D2F3D4 /* AlphabetApp.swift in Sources */,
				F50D1E3625701BC900C15810 /* CategoryView.swift in Sources */,
				F57099562577E89B00D7C0BA /* QuizView.swift in Sources */,
			);
			runOnlyForDeploymentPostprocessing = 0;
		};
/* End PBXSourcesBuildPhase section */

/* Begin XCBuildConfiguration section */
		F5301926256DDDF800D2F3D4 /* Debug */ = {
			isa = XCBuildConfiguration;
			buildSettings = {
				ALWAYS_SEARCH_USER_PATHS = NO;
				CLANG_ANALYZER_NONNULL = YES;
				CLANG_ANALYZER_NUMBER_OBJECT_CONVERSION = YES_AGGRESSIVE;
				CLANG_CXX_LANGUAGE_STANDARD = "gnu++14";
				CLANG_CXX_LIBRARY = "libc++";
				CLANG_ENABLE_MODULES = YES;
				CLANG_ENABLE_OBJC_ARC = YES;
				CLANG_ENABLE_OBJC_WEAK = YES;
				CLANG_WARN_BLOCK_CAPTURE_AUTORELEASING = YES;
				CLANG_WARN_BOOL_CONVERSION = YES;
				CLANG_WARN_COMMA = YES;
				CLANG_WARN_CONSTANT_CONVERSION = YES;
				CLANG_WARN_DEPRECATED_OBJC_IMPLEMENTATIONS = YES;
				CLANG_WARN_DIRECT_OBJC_ISA_USAGE = YES_ERROR;
				CLANG_WARN_DOCUMENTATION_COMMENTS = YES;
				CLANG_WARN_EMPTY_BODY = YES;
				CLANG_WARN_ENUM_CONVERSION = YES;
				CLANG_WARN_INFINITE_RECURSION = YES;
				CLANG_WARN_INT_CONVERSION = YES;
				CLANG_WARN_NON_LITERAL_NULL_CONVERSION = YES;
				CLANG_WARN_OBJC_IMPLICIT_RETAIN_SELF = YES;
				CLANG_WARN_OBJC_LITERAL_CONVERSION = YES;
				CLANG_WARN_OBJC_ROOT_CLASS = YES_ERROR;
				CLANG_WARN_QUOTED_INCLUDE_IN_FRAMEWORK_HEADER = YES;
				CLANG_WARN_RANGE_LOOP_ANALYSIS = YES;
				CLANG_WARN_STRICT_PROTOTYPES = YES;
				CLANG_WARN_SUSPICIOUS_MOVE = YES;
				CLANG_WARN_UNGUARDED_AVAILABILITY = YES_AGGRESSIVE;
				CLANG_WARN_UNREACHABLE_CODE = YES;
				CLANG_WARN__DUPLICATE_METHOD_MATCH = YES;
				COPY_PHASE_STRIP = NO;
				DEBUG_INFORMATION_FORMAT = dwarf;
				ENABLE_STRICT_OBJC_MSGSEND = YES;
				ENABLE_TESTABILITY = YES;
				GCC_C_LANGUAGE_STANDARD = gnu11;
				GCC_DYNAMIC_NO_PIC = NO;
				GCC_NO_COMMON_BLOCKS = YES;
				GCC_OPTIMIZATION_LEVEL = 0;
				GCC_PREPROCESSOR_DEFINITIONS = (
					"DEBUG=1",
					"$(inherited)",
				);
				GCC_WARN_64_TO_32_BIT_CONVERSION = YES;
				GCC_WARN_ABOUT_RETURN_TYPE = YES_ERROR;
				GCC_WARN_UNDECLARED_SELECTOR = YES;
				GCC_WARN_UNINITIALIZED_AUTOS = YES_AGGRESSIVE;
				GCC_WARN_UNUSED_FUNCTION = YES;
				GCC_WARN_UNUSED_VARIABLE = YES;
				IPHONEOS_DEPLOYMENT_TARGET = 14.2;
				MTL_ENABLE_DEBUG_INFO = INCLUDE_SOURCE;
				MTL_FAST_MATH = YES;
				ONLY_ACTIVE_ARCH = YES;
				SDKROOT = iphoneos;
				SWIFT_ACTIVE_COMPILATION_CONDITIONS = DEBUG;
				SWIFT_OPTIMIZATION_LEVEL = "-Onone";
			};
			name = Debug;
		};
		F5301927256DDDF800D2F3D4 /* Release */ = {
			isa = XCBuildConfiguration;
			buildSettings = {
				ALWAYS_SEARCH_USER_PATHS = NO;
				CLANG_ANALYZER_NONNULL = YES;
				CLANG_ANALYZER_NUMBER_OBJECT_CONVERSION = YES_AGGRESSIVE;
				CLANG_CXX_LANGUAGE_STANDARD = "gnu++14";
				CLANG_CXX_LIBRARY = "libc++";
				CLANG_ENABLE_MODULES = YES;
				CLANG_ENABLE_OBJC_ARC = YES;
				CLANG_ENABLE_OBJC_WEAK = YES;
				CLANG_WARN_BLOCK_CAPTURE_AUTORELEASING = YES;
				CLANG_WARN_BOOL_CONVERSION = YES;
				CLANG_WARN_COMMA = YES;
				CLANG_WARN_CONSTANT_CONVERSION = YES;
				CLANG_WARN_DEPRECATED_OBJC_IMPLEMENTATIONS = YES;
				CLANG_WARN_DIRECT_OBJC_ISA_USAGE = YES_ERROR;
				CLANG_WARN_DOCUMENTATION_COMMENTS = YES;
				CLANG_WARN_EMPTY_BODY = YES;
				CLANG_WARN_ENUM_CONVERSION = YES;
				CLANG_WARN_INFINITE_RECURSION = YES;
				CLANG_WARN_INT_CONVERSION = YES;
				CLANG_WARN_NON_LITERAL_NULL_CONVERSION = YES;
				CLANG_WARN_OBJC_IMPLICIT_RETAIN_SELF = YES;
				CLANG_WARN_OBJC_LITERAL_CONVERSION = YES;
				CLANG_WARN_OBJC_ROOT_CLASS = YES_ERROR;
				CLANG_WARN_QUOTED_INCLUDE_IN_FRAMEWORK_HEADER = YES;
				CLANG_WARN_RANGE_LOOP_ANALYSIS = YES;
				CLANG_WARN_STRICT_PROTOTYPES = YES;
				CLANG_WARN_SUSPICIOUS_MOVE = YES;
				CLANG_WARN_UNGUARDED_AVAILABILITY = YES_AGGRESSIVE;
				CLANG_WARN_UNREACHABLE_CODE = YES;
				CLANG_WARN__DUPLICATE_METHOD_MATCH = YES;
				COPY_PHASE_STRIP = NO;
				DEBUG_INFORMATION_FORMAT = "dwarf-with-dsym";
				ENABLE_NS_ASSERTIONS = NO;
				ENABLE_STRICT_OBJC_MSGSEND = YES;
				GCC_C_LANGUAGE_STANDARD = gnu11;
				GCC_NO_COMMON_BLOCKS = YES;
				GCC_WARN_64_TO_32_BIT_CONVERSION = YES;
				GCC_WARN_ABOUT_RETURN_TYPE = YES_ERROR;
				GCC_WARN_UNDECLARED_SELECTOR = YES;
				GCC_WARN_UNINITIALIZED_AUTOS = YES_AGGRESSIVE;
				GCC_WARN_UNUSED_FUNCTION = YES;
				GCC_WARN_UNUSED_VARIABLE = YES;
				IPHONEOS_DEPLOYMENT_TARGET = 14.2;
				MTL_ENABLE_DEBUG_INFO = NO;
				MTL_FAST_MATH = YES;
				SDKROOT = iphoneos;
				SWIFT_COMPILATION_MODE = wholemodule;
				SWIFT_OPTIMIZATION_LEVEL = "-O";
				VALIDATE_PRODUCT = YES;
			};
			name = Release;
		};
		F5301929256DDDF800D2F3D4 /* Debug */ = {
			isa = XCBuildConfiguration;
			buildSettings = {
				ASSETCATALOG_COMPILER_APPICON_NAME = AppIcon;
				ASSETCATALOG_COMPILER_GLOBAL_ACCENT_COLOR_NAME = AccentColor;
				CODE_SIGN_ENTITLEMENTS = Alphabet/Alphabet.entitlements;
				CODE_SIGN_STYLE = Automatic;
				DEVELOPMENT_ASSET_PATHS = "\"Alphabet/Preview Content\"";
				DEVELOPMENT_TEAM = LDL7UMXTXK;
				ENABLE_PREVIEWS = YES;
				INFOPLIST_FILE = Alphabet/Info.plist;
				IPHONEOS_DEPLOYMENT_TARGET = 14.0;
				LD_RUNPATH_SEARCH_PATHS = (
					"$(inherited)",
					"@executable_path/Frameworks",
				);
				PRODUCT_BUNDLE_IDENTIFIER = com.ramainampudi.Alphabet;
				PRODUCT_NAME = "$(TARGET_NAME)";
				SUPPORTS_MACCATALYST = NO;
				SWIFT_VERSION = 5.0;
				TARGETED_DEVICE_FAMILY = 1;
			};
			name = Debug;
		};
		F530192A256DDDF800D2F3D4 /* Release */ = {
			isa = XCBuildConfiguration;
			buildSettings = {
				ASSETCATALOG_COMPILER_APPICON_NAME = AppIcon;
				ASSETCATALOG_COMPILER_GLOBAL_ACCENT_COLOR_NAME = AccentColor;
				CODE_SIGN_ENTITLEMENTS = Alphabet/Alphabet.entitlements;
				CODE_SIGN_STYLE = Automatic;
				DEVELOPMENT_ASSET_PATHS = "\"Alphabet/Preview Content\"";
				DEVELOPMENT_TEAM = LDL7UMXTXK;
				ENABLE_PREVIEWS = YES;
				INFOPLIST_FILE = Alphabet/Info.plist;
				IPHONEOS_DEPLOYMENT_TARGET = 14.0;
				LD_RUNPATH_SEARCH_PATHS = (
					"$(inherited)",
					"@executable_path/Frameworks",
				);
				PRODUCT_BUNDLE_IDENTIFIER = com.ramainampudi.Alphabet;
				PRODUCT_NAME = "$(TARGET_NAME)";
				SUPPORTS_MACCATALYST = NO;
				SWIFT_VERSION = 5.0;
				TARGETED_DEVICE_FAMILY = 1;
			};
			name = Release;
		};
/* End XCBuildConfiguration section */

/* Begin XCConfigurationList section */
		F5301914256DDDF600D2F3D4 /* Build configuration list for PBXProject "Alphabet" */ = {
			isa = XCConfigurationList;
			buildConfigurations = (
				F5301926256DDDF800D2F3D4 /* Debug */,
				F5301927256DDDF800D2F3D4 /* Release */,
			);
			defaultConfigurationIsVisible = 0;
			defaultConfigurationName = Release;
		};
		F5301928256DDDF800D2F3D4 /* Build configuration list for PBXNativeTarget "Alphabet" */ = {
			isa = XCConfigurationList;
			buildConfigurations = (
				F5301929256DDDF800D2F3D4 /* Debug */,
				F530192A256DDDF800D2F3D4 /* Release */,
			);
			defaultConfigurationIsVisible = 0;
			defaultConfigurationName = Release;
		};
/* End XCConfigurationList section */
	};
	rootObject = F5301911256DDDF600D2F3D4 /* Project object */;
}
